
Microsoft Visual Studio Solution File, Format Version 12.00
# Visual Studio 14
VisualStudioVersion = 14.0.25420.1
MinimumVisualStudioVersion = 10.0.40219.1
Project("{8BC9CEB8-8B4A-11D0-8D11-00A0C91BC942}") = "PCAssistant", "PCAssistant\PCAssistant.vcxproj", "{027AA790-1ADC-4160-AD89-419B7C02C0CE}"
EndProject
Project("{8BC9CEB8-8B4A-11D0-8D11-00A0C91BC942}") = "PCAssistantDrv", "PCAssistantDrv\PCAssistantDrv.vcxproj", "{FA1B9BA8-7750-449C-A11D-3E4F12863459}"
EndProject
Global
	GlobalSection(SolutionConfigurationPlatforms) = preSolution
		Debug|x64 = Debug|x64
		Debug|x86 = Debug|x86
		Release|x64 = Release|x64
		Release|x86 = Release|x86
		WinDDK|x64 = WinDDK|x64
		WinDDK|x86 = WinDDK|x86
	EndGlobalSection
	GlobalSection(ProjectConfigurationPlatforms) = postSolution
		{027AA790-1ADC-4160-AD89-419B7C02C0CE}.Debug|x64.ActiveCfg = Debug|x64
		{027AA790-1ADC-4160-AD89-419B7C02C0CE}.Debug|x64.Build.0 = Debug|x64
		{027AA790-1ADC-4160-AD89-419B7C02C0CE}.Debug|x86.ActiveCfg = Debug|Win32
		{027AA790-1ADC-4160-AD89-419B7C02C0CE}.Debug|x86.Build.0 = Debug|Win32
		{027AA790-1ADC-4160-AD89-419B7C02C0CE}.Release|x64.ActiveCfg = Release|x64
		{027AA790-1ADC-4160-AD89-419B7C02C0CE}.Release|x64.Build.0 = Release|x64
		{027AA790-1ADC-4160-AD89-419B7C02C0CE}.Release|x86.ActiveCfg = Release|Win32
		{027AA790-1ADC-4160-AD89-419B7C02C0CE}.Release|x86.Build.0 = Release|Win32
		{027AA790-1ADC-4160-AD89-419B7C02C0CE}.WinDDK|x64.ActiveCfg = Release|x64
		{027AA790-1ADC-4160-AD89-419B7C02C0CE}.WinDDK|x64.Build.0 = Release|x64
		{027AA790-1ADC-4160-AD89-419B7C02C0CE}.WinDDK|x86.ActiveCfg = Release|Win32
		{027AA790-1ADC-4160-AD89-419B7C02C0CE}.WinDDK|x86.Build.0 = Release|Win32
		{FA1B9BA8-7750-449C-A11D-3E4F12863459}.Debug|x64.ActiveCfg = WinDDK|x64
		{FA1B9BA8-7750-449C-A11D-3E4F12863459}.Debug|x64.Build.0 = WinDDK|x64
		{FA1B9BA8-7750-449C-A11D-3E4F12863459}.Debug|x86.ActiveCfg = WinDDK|Win32
		{FA1B9BA8-7750-449C-A11D-3E4F12863459}.Debug|x86.Build.0 = WinDDK|Win32
		{FA1B9BA8-7750-449C-A11D-3E4F12863459}.Release|x64.ActiveCfg = WinDDK|x64
		{FA1B9BA8-7750-449C-A11D-3E4F12863459}.Release|x64.Build.0 = WinDDK|x64
		{FA1B9BA8-7750-449C-A11D-3E4F12863459}.Release|x86.ActiveCfg = WinDDK|Win32
		{FA1B9BA8-7750-449C-A11D-3E4F12863459}.Release|x86.Build.0 = WinDDK|Win32
		{FA1B9BA8-7750-449C-A11D-3E4F12863459}.WinDDK|x64.ActiveCfg = WinDDK|x64
		{FA1B9BA8-7750-449C-A11D-3E4F12863459}.WinDDK|x64.Build.0 = WinDDK|x64
		{FA1B9BA8-7750-449C-A11D-3E4F12863459}.WinDDK|x86.ActiveCfg = WinDDK|Win32
		{FA1B9BA8-7750-449C-A11D-3E4F12863459}.WinDDK|x86.Build.0 = WinDDK|Win32
	EndGlobalSection
	GlobalSection(SolutionProperties) = preSolution
		HideSolutionNode = FALSE
	EndGlobalSection
EndGlobal
